
Microsoft Visual Studio Solution File, Format Version 12.00
# Visual Studio 2013
VisualStudioVersion = 12.0.21005.1
MinimumVisualStudioVersion = 10.0.40219.1
Project("{FAE04EC0-301F-11D3-BF4B-00C04F79EFBC}") = "Quiron.LojaVirtual.Dominio", "Quiron.LojaVirtual.Dominio\Quiron.LojaVirtual.Dominio.csproj", "{4A4D5345-65C0-4257-B210-4A5B5C44B5CF}"
EndProject
Project("{FAE04EC0-301F-11D3-BF4B-00C04F79EFBC}") = "Quiron.LojaVirtual.Web", "Quiron.LojaVirtual.Web\Quiron.LojaVirtual.Web.csproj", "{611CBB58-D299-44E5-ACC1-5EB9746C9463}"
EndProject
Project("{FAE04EC0-301F-11D3-BF4B-00C04F79EFBC}") = "Quiron.LojaVirtual.UnitTest", "Quiron.LojaVirtual.UnitTest\Quiron.LojaVirtual.UnitTest.csproj", "{276ABF94-1F9D-4ABD-B0EA-EA69CEF47053}"
EndProject
Global
	GlobalSection(SolutionConfigurationPlatforms) = preSolution
		Debug|Any CPU = Debug|Any CPU
		Release|Any CPU = Release|Any CPU
	EndGlobalSection
	GlobalSection(ProjectConfigurationPlatforms) = postSolution
		{4A4D5345-65C0-4257-B210-4A5B5C44B5CF}.Debug|Any CPU.ActiveCfg = Debug|Any CPU
		{4A4D5345-65C0-4257-B210-4A5B5C44B5CF}.Debug|Any CPU.Build.0 = Debug|Any CPU
		{4A4D5345-65C0-4257-B210-4A5B5C44B5CF}.Release|Any CPU.ActiveCfg = Release|Any CPU
		{4A4D5345-65C0-4257-B210-4A5B5C44B5CF}.Release|Any CPU.Build.0 = Release|Any CPU
		{611CBB58-D299-44E5-ACC1-5EB9746C9463}.Debug|Any CPU.ActiveCfg = Debug|Any CPU
		{611CBB58-D299-44E5-ACC1-5EB9746C9463}.Debug|Any CPU.Build.0 = Debug|Any CPU
		{611CBB58-D299-44E5-ACC1-5EB9746C9463}.Release|Any CPU.ActiveCfg = Release|Any CPU
		{611CBB58-D299-44E5-ACC1-5EB9746C9463}.Release|Any CPU.Build.0 = Release|Any CPU
		{276ABF94-1F9D-4ABD-B0EA-EA69CEF47053}.Debug|Any CPU.ActiveCfg = Debug|Any CPU
		{276ABF94-1F9D-4ABD-B0EA-EA69CEF47053}.Debug|Any CPU.Build.0 = Debug|Any CPU
		{276ABF94-1F9D-4ABD-B0EA-EA69CEF47053}.Release|Any CPU.ActiveCfg = Release|Any CPU
		{276ABF94-1F9D-4ABD-B0EA-EA69CEF47053}.Release|Any CPU.Build.0 = Release|Any CPU
	EndGlobalSection
	GlobalSection(SolutionProperties) = preSolution
		HideSolutionNode = FALSE
	EndGlobalSection
EndGlobal
